
Microsoft Visual Studio Solution File, Format Version 12.00
# Visual Studio 14
VisualStudioVersion = 14.0.25420.1
MinimumVisualStudioVersion = 10.0.40219.1
Project("{FAE04EC0-301F-11D3-BF4B-00C04F79EFBC}") = "Application01", "Application01\Application01.csproj", "{AECB23AD-0F02-408C-BD1E-2F983F667CB2}"
EndProject
Project("{FAE04EC0-301F-11D3-BF4B-00C04F79EFBC}") = "Application02", "Application02\Application02.csproj", "{D930F3DE-0DA2-470B-AE07-74BE73B31568}"
EndProject
Global
	GlobalSection(SolutionConfigurationPlatforms) = preSolution
		Debug|Any CPU = Debug|Any CPU
		Release|Any CPU = Release|Any CPU
	EndGlobalSection
	GlobalSection(ProjectConfigurationPlatforms) = postSolution
		{AECB23AD-0F02-408C-BD1E-2F983F667CB2}.Debug|Any CPU.ActiveCfg = Debug|Any CPU
		{AECB23AD-0F02-408C-BD1E-2F983F667CB2}.Debug|Any CPU.Build.0 = Debug|Any CPU
		{AECB23AD-0F02-408C-BD1E-2F983F667CB2}.Release|Any CPU.ActiveCfg = Release|Any CPU
		{AECB23AD-0F02-408C-BD1E-2F983F667CB2}.Release|Any CPU.Build.0 = Release|Any CPU
		{D930F3DE-0DA2-470B-AE07-74BE73B31568}.Debug|Any CPU.ActiveCfg = Debug|Any CPU
		{D930F3DE-0DA2-470B-AE07-74BE73B31568}.Debug|Any CPU.Build.0 = Debug|Any CPU
		{D930F3DE-0DA2-470B-AE07-74BE73B31568}.Release|Any CPU.ActiveCfg = Release|Any CPU
		{D930F3DE-0DA2-470B-AE07-74BE73B31568}.Release|Any CPU.Build.0 = Release|Any CPU
	EndGlobalSection
	GlobalSection(SolutionProperties) = preSolution
		HideSolutionNode = FALSE
	EndGlobalSection
EndGlobal
